
Microsoft Visual Studio Solution File, Format Version 12.00
# Visual Studio 14
VisualStudioVersion = 14.0.25420.1
MinimumVisualStudioVersion = 10.0.40219.1
Project("{FAE04EC0-301F-11D3-BF4B-00C04F79EFBC}") = "COMP123-S2017-FinalExam-3009315221", "COMP123-S2017-FinalExam-3009315221\COMP123-S2017-FinalExam-3009315221.csproj", "{CD0CE55A-C866-437A-BF94-714401F8995A}"
EndProject
Global
	GlobalSection(SolutionConfigurationPlatforms) = preSolution
		Debug|Any CPU = Debug|Any CPU
		Release|Any CPU = Release|Any CPU
	EndGlobalSection
	GlobalSection(ProjectConfigurationPlatforms) = postSolution
		{CD0CE55A-C866-437A-BF94-714401F8995A}.Debug|Any CPU.ActiveCfg = Debug|Any CPU
		{CD0CE55A-C866-437A-BF94-714401F8995A}.Debug|Any CPU.Build.0 = Debug|Any CPU
		{CD0CE55A-C866-437A-BF94-714401F8995A}.Release|Any CPU.ActiveCfg = Release|Any CPU
		{CD0CE55A-C866-437A-BF94-714401F8995A}.Release|Any CPU.Build.0 = Release|Any CPU
	EndGlobalSection
	GlobalSection(SolutionProperties) = preSolution
		HideSolutionNode = FALSE
	EndGlobalSection
EndGlobal
